// !$*UTF8*$!
{
	archiveVersion = 1;
	classes = {
	};
	objectVersion = 46;
	objects = {

/* Begin PBXBuildFile section */
		9487BEA81DD0A50A001AD8F3 /* main.m in Sources */ = {isa = PBXBuildFile; fileRef = 9487BEA71DD0A50A001AD8F3 /* main.m */; };
		9487BEB51DD0A626001AD8F3 /* JXPriorityQueue.m in Sources */ = {isa = PBXBuildFile; fileRef = 9487BEB41DD0A626001AD8F3 /* JXPriorityQueue.m */; };
/* End PBXBuildFile section */

/* Begin PBXCopyFilesBuildPhase section */
		9487BEA21DD0A50A001AD8F3 /* CopyFiles */ = {
			isa = PBXCopyFilesBuildPhase;
			buildActionMask = 2147483647;
			dstPath = /usr/share/man/man1/;
			dstSubfolderSpec = 0;
			files = (
			);
			runOnlyForDeploymentPostprocessing = 1;
		};
/* End PBXCopyFilesBuildPhase section */

/* Begin PBXFileReference section */
		9487BEA41DD0A50A001AD8F3 /* JXPriorityQueueDemo-MacOS */ = {isa = PBXFileReference; explicitFileType = "compiled.mach-o.executable"; includeInIndex = 0; path = "JXPriorityQueueDemo-MacOS"; sourceTree = BUILT_PRODUCTS_DIR; };
		9487BEA71DD0A50A001AD8F3 /* main.m */ = {isa = PBXFileReference; lastKnownFileType = sourcecode.c.objc; path = main.m; sourceTree = "<group>"; };
		9487BEB31DD0A626001AD8F3 /* JXPriorityQueue.h */ = {isa = PBXFileReference; fileEncoding = 4; lastKnownFileType = sourcecode.c.h; path = JXPriorityQueue.h; sourceTree = "<group>"; };
		9487BEB41DD0A626001AD8F3 /* JXPriorityQueue.m */ = {isa = PBXFileReference; fileEncoding = 4; lastKnownFileType = sourcecode.c.objc; path = JXPriorityQueue.m; sourceTree = "<group>"; };
/* End PBXFileReference section */

/* Begin PBXFrameworksBuildPhase section */
		9487BEA11DD0A50A001AD8F3 /* Frameworks */ = {
			isa = PBXFrameworksBuildPhase;
			buildActionMask = 2147483647;
			files = (
			);
			runOnlyForDeploymentPostprocessing = 0;
		};
/* End PBXFrameworksBuildPhase section */

/* Begin PBXGroup section */
		9487BE9B1DD0A50A001AD8F3 = {
			isa = PBXGroup;
			children = (
				9487BEA61DD0A50A001AD8F3 /* JXPriorityQueueDemo-MacOS */,
				9487BEA51DD0A50A001AD8F3 /* Products */,
			);
			sourceTree = "<group>";
		};
		9487BEA51DD0A50A001AD8F3 /* Products */ = {
			isa = PBXGroup;
			children = (
				9487BEA41DD0A50A001AD8F3 /* JXPriorityQueueDemo-MacOS */,
			);
			name = Products;
			sourceTree = "<group>";
		};
		9487BEA61DD0A50A001AD8F3 /* JXPriorityQueueDemo-MacOS */ = {
			isa = PBXGroup;
			children = (
				9487BEA71DD0A50A001AD8F3 /* main.m */,
				9487BEB21DD0A626001AD8F3 /* JXPriorityQueue */,
			);
			path = "JXPriorityQueueDemo-MacOS";
			sourceTree = "<group>";
		};
		9487BEB21DD0A626001AD8F3 /* JXPriorityQueue */ = {
			isa = PBXGroup;
			children = (
				9487BEB31DD0A626001AD8F3 /* JXPriorityQueue.h */,
				9487BEB41DD0A626001AD8F3 /* JXPriorityQueue.m */,
			);
			name = JXPriorityQueue;
			path = ../../JXPriorityQueue;
			sourceTree = "<group>";
		};
/* End PBXGroup section */

/* Begin PBXNativeTarget section */
		9487BEA31DD0A50A001AD8F3 /* JXPriorityQueueDemo-MacOS */ = {
			isa = PBXNativeTarget;
			buildConfigurationList = 9487BEAB1DD0A50A001AD8F3 /* Build configuration list for PBXNativeTarget "JXPriorityQueueDemo-MacOS" */;
			buildPhases = (
				9487BEA01DD0A50A001AD8F3 /* Sources */,
				9487BEA11DD0A50A001AD8F3 /* Frameworks */,
				9487BEA21DD0A50A001AD8F3 /* CopyFiles */,
			);
			buildRules = (
			);
			dependencies = (
			);
			name = "JXPriorityQueueDemo-MacOS";
			productName = "JXPriorityQueueDemo-MacOS";
			productReference = 9487BEA41DD0A50A001AD8F3 /* JXPriorityQueueDemo-MacOS */;
			productType = "com.apple.product-type.tool";
		};
/* End PBXNativeTarget section */

/* Begin PBXProject section */
		9487BE9C1DD0A50A001AD8F3 /* Project object */ = {
			isa = PBXProject;
			attributes = {
				LastUpgradeCheck = 0810;
				ORGANIZATIONNAME = JiongXing;
				TargetAttributes = {
					9487BEA31DD0A50A001AD8F3 = {
						CreatedOnToolsVersion = 8.1;
						ProvisioningStyle = Automatic;
					};
				};
			};
			buildConfigurationList = 9487BE9F1DD0A50A001AD8F3 /* Build configuration list for PBXProject "JXPriorityQueueDemo-MacOS" */;
			compatibilityVersion = "Xcode 3.2";
			developmentRegion = English;
			hasScannedForEncodings = 0;
			knownRegions = (
				en,
			);
			mainGroup = 9487BE9B1DD0A50A001AD8F3;
			productRefGroup = 9487BEA51DD0A50A001AD8F3 /* Products */;
			projectDirPath = "";
			projectRoot = "";
			targets = (
				9487BEA31DD0A50A001AD8F3 /* JXPriorityQueueDemo-MacOS */,
			);
		};
/* End PBXProject section */

/* Begin PBXSourcesBuildPhase section */
		9487BEA01DD0A50A001AD8F3 /* Sources */ = {
			isa = PBXSourcesBuildPhase;
			buildActionMask = 2147483647;
			files = (
				9487BEA81DD0A50A001AD8F3 /* main.m in Sources */,
				9487BEB51DD0A626001AD8F3 /* JXPriorityQueue.m in Sources */,
			);
			runOnlyForDeploymentPostprocessing = 0;
		};
/* End PBXSourcesBuildPhase section */

/* Begin XCBuildConfiguration section */
		9487BEA91DD0A50A001AD8F3 /* Debug */ = {
			isa = XCBuildConfiguration;
			buildSettings = {
				ALWAYS_SEARCH_USER_PATHS = NO;
				CLANG_ANALYZER_NONNULL = YES;
				CLANG_CXX_LANGUAGE_STANDARD = "gnu++0x";
				CLANG_CXX_LIBRARY = "libc++";
				CLANG_ENABLE_MODULES = YES;
				CLANG_ENABLE_OBJC_ARC = YES;
				CLANG_WARN_BOOL_CONVERSION = YES;
				CLANG_WARN_CONSTANT_CONVERSION = YES;
				CLANG_WARN_DIRECT_OBJC_ISA_USAGE = YES_ERROR;
				CLANG_WARN_DOCUMENTATION_COMMENTS = YES;
				CLANG_WARN_EMPTY_BODY = YES;
				CLANG_WARN_ENUM_CONVERSION = YES;
				CLANG_WARN_INFINITE_RECURSION = YES;
				CLANG_WARN_INT_CONVERSION = YES;
				CLANG_WARN_OBJC_ROOT_CLASS = YES_ERROR;
				CLANG_WARN_SUSPICIOUS_MOVES = YES;
				CLANG_WARN_UNREACHABLE_CODE = YES;
				CLANG_WARN__DUPLICATE_METHOD_MATCH = YES;
				CODE_SIGN_IDENTITY = "-";
				COPY_PHASE_STRIP = NO;
				DEBUG_INFORMATION_FORMAT = dwarf;
				ENABLE_STRICT_OBJC_MSGSEND = YES;
				ENABLE_TESTABILITY = YES;
				GCC_C_LANGUAGE_STANDARD = gnu99;
				GCC_DYNAMIC_NO_PIC = NO;
				GCC_NO_COMMON_BLOCKS = YES;
				GCC_OPTIMIZATION_LEVEL = 0;
				GCC_PREPROCESSOR_DEFINITIONS = (
					"DEBUG=1",
					"$(inherited)",
				);
				GCC_WARN_64_TO_32_BIT_CONVERSION = YES;
				GCC_WARN_ABOUT_RETURN_TYPE = YES_ERROR;
				GCC_WARN_UNDECLARED_SELECTOR = YES;
				GCC_WARN_UNINITIALIZED_AUTOS = YES_AGGRESSIVE;
				GCC_WARN_UNUSED_FUNCTION = YES;
				GCC_WARN_UNUSED_VARIABLE = YES;
				MACOSX_DEPLOYMENT_TARGET = 10.12;
				MTL_ENABLE_DEBUG_INFO = YES;
				ONLY_ACTIVE_ARCH = YES;
				SDKROOT = macosx;
			};
			name = Debug;
		};
		9487BEAA1DD0A50A001AD8F3 /* Release */ = {
			isa = XCBuildConfiguration;
			buildSettings = {
				ALWAYS_SEARCH_USER_PATHS = NO;
				CLANG_ANALYZER_NONNULL = YES;
				CLANG_CXX_LANGUAGE_STANDARD = "gnu++0x";
				CLANG_CXX_LIBRARY = "libc++";
				CLANG_ENABLE_MODULES = YES;
				CLANG_ENABLE_OBJC_ARC = YES;
				CLANG_WARN_BOOL_CONVERSION = YES;
				CLANG_WARN_CONSTANT_CONVERSION = YES;
				CLANG_WARN_DIRECT_OBJC_ISA_USAGE = YES_ERROR;
				CLANG_WARN_DOCUMENTATION_COMMENTS = YES;
				CLANG_WARN_EMPTY_BODY = YES;
				CLANG_WARN_ENUM_CONVERSION = YES;
				CLANG_WARN_INFINITE_RECURSION = YES;
				CLANG_WARN_INT_CONVERSION = YES;
				CLANG_WARN_OBJC_ROOT_CLASS = YES_ERROR;
				CLANG_WARN_SUSPICIOUS_MOVES = YES;
				CLANG_WARN_UNREACHABLE_CODE = YES;
				CLANG_WARN__DUPLICATE_METHOD_MATCH = YES;
				CODE_SIGN_IDENTITY = "-";
				COPY_PHASE_STRIP = NO;
				DEBUG_INFORMATION_FORMAT = "dwarf-with-dsym";
				ENABLE_NS_ASSERTIONS = NO;
				ENABLE_STRICT_OBJC_MSGSEND = YES;
				GCC_C_LANGUAGE_STANDARD = gnu99;
				GCC_NO_COMMON_BLOCKS = YES;
				GCC_WARN_64_TO_32_BIT_CONVERSION = YES;
				GCC_WARN_ABOUT_RETURN_TYPE = YES_ERROR;
				GCC_WARN_UNDECLARED_SELECTOR = YES;
				GCC_WARN_UNINITIALIZED_AUTOS = YES_AGGRESSIVE;
				GCC_WARN_UNUSED_FUNCTION = YES;
				GCC_WARN_UNUSED_VARIABLE = YES;
				MACOSX_DEPLOYMENT_TARGET = 10.12;
				MTL_ENABLE_DEBUG_INFO = NO;
				SDKROOT = macosx;
			};
			name = Release;
		};
		9487BEAC1DD0A50A001AD8F3 /* Debug */ = {
			isa = XCBuildConfiguration;
			buildSettings = {
				PRODUCT_NAME = "$(TARGET_NAME)";
			};
			name = Debug;
		};
		9487BEAD1DD0A50A001AD8F3 /* Release */ = {
			isa = XCBuildConfiguration;
			buildSettings = {
				PRODUCT_NAME = "$(TARGET_NAME)";
			};
			name = Release;
		};
/* End XCBuildConfiguration section */

/* Begin XCConfigurationList section */
		9487BE9F1DD0A50A001AD8F3 /* Build configuration list for PBXProject "JXPriorityQueueDemo-MacOS" */ = {
			isa = XCConfigurationList;
			buildConfigurations = (
				9487BEA91DD0A50A001AD8F3 /* Debug */,
				9487BEAA1DD0A50A001AD8F3 /* Release */,
			);
			defaultConfigurationIsVisible = 0;
			defaultConfigurationName = Release;
		};
		9487BEAB1DD0A50A001AD8F3 /* Build configuration list for PBXNativeTarget "JXPriorityQueueDemo-MacOS" */ = {
			isa = XCConfigurationList;
			buildConfigurations = (
				9487BEAC1DD0A50A001AD8F3 /* Debug */,
				9487BEAD1DD0A50A001AD8F3 /* Release */,
			);
			defaultConfigurationIsVisible = 0;
			defaultConfigurationName = Release;
		};
/* End XCConfigurationList section */
	};
	rootObject = 9487BE9C1DD0A50A001AD8F3 /* Project object */;
}
