// !$*UTF8*$!
{
	archiveVersion = 1;
	classes = {
	};
	objectVersion = 46;
	objects = {

/* Begin PBXBuildFile section */
		9487BEC41DD0A7E3001AD8F3 /* main.m in Sources */ = {isa = PBXBuildFile; fileRef = 9487BEC31DD0A7E3001AD8F3 /* main.m */; };
		9487BEC71DD0A7E3001AD8F3 /* AppDelegate.m in Sources */ = {isa = PBXBuildFile; fileRef = 9487BEC61DD0A7E3001AD8F3 /* AppDelegate.m */; };
		9487BECA1DD0A7E3001AD8F3 /* ViewController.m in Sources */ = {isa = PBXBuildFile; fileRef = 9487BEC91DD0A7E3001AD8F3 /* ViewController.m */; };
		9487BECD1DD0A7E3001AD8F3 /* Main.storyboard in Resources */ = {isa = PBXBuildFile; fileRef = 9487BECB1DD0A7E3001AD8F3 /* Main.storyboard */; };
		9487BECF1DD0A7E3001AD8F3 /* Assets.xcassets in Resources */ = {isa = PBXBuildFile; fileRef = 9487BECE1DD0A7E3001AD8F3 /* Assets.xcassets */; };
		9487BED21DD0A7E3001AD8F3 /* LaunchScreen.storyboard in Resources */ = {isa = PBXBuildFile; fileRef = 9487BED01DD0A7E3001AD8F3 /* LaunchScreen.storyboard */; };
		9487BEDC1DD0A81A001AD8F3 /* JXPriorityQueue.m in Sources */ = {isa = PBXBuildFile; fileRef = 9487BEDB1DD0A81A001AD8F3 /* JXPriorityQueue.m */; };
		9487BEDF1DD0A829001AD8F3 /* LineView.m in Sources */ = {isa = PBXBuildFile; fileRef = 9487BEDE1DD0A829001AD8F3 /* LineView.m */; };
/* End PBXBuildFile section */

/* Begin PBXFileReference section */
		9487BEBF1DD0A7E3001AD8F3 /* JXPriorityQueueDemo-iOS.app */ = {isa = PBXFileReference; explicitFileType = wrapper.application; includeInIndex = 0; path = "JXPriorityQueueDemo-iOS.app"; sourceTree = BUILT_PRODUCTS_DIR; };
		9487BEC31DD0A7E3001AD8F3 /* main.m */ = {isa = PBXFileReference; lastKnownFileType = sourcecode.c.objc; path = main.m; sourceTree = "<group>"; };
		9487BEC51DD0A7E3001AD8F3 /* AppDelegate.h */ = {isa = PBXFileReference; lastKnownFileType = sourcecode.c.h; path = AppDelegate.h; sourceTree = "<group>"; };
		9487BEC61DD0A7E3001AD8F3 /* AppDelegate.m */ = {isa = PBXFileReference; lastKnownFileType = sourcecode.c.objc; path = AppDelegate.m; sourceTree = "<group>"; };
		9487BEC81DD0A7E3001AD8F3 /* ViewController.h */ = {isa = PBXFileReference; lastKnownFileType = sourcecode.c.h; path = ViewController.h; sourceTree = "<group>"; };
		9487BEC91DD0A7E3001AD8F3 /* ViewController.m */ = {isa = PBXFileReference; lastKnownFileType = sourcecode.c.objc; path = ViewController.m; sourceTree = "<group>"; };
		9487BECC1DD0A7E3001AD8F3 /* Base */ = {isa = PBXFileReference; lastKnownFileType = file.storyboard; name = Base; path = Base.lproj/Main.storyboard; sourceTree = "<group>"; };
		9487BECE1DD0A7E3001AD8F3 /* Assets.xcassets */ = {isa = PBXFileReference; lastKnownFileType = folder.assetcatalog; path = Assets.xcassets; sourceTree = "<group>"; };
		9487BED11DD0A7E3001AD8F3 /* Base */ = {isa = PBXFileReference; lastKnownFileType = file.storyboard; name = Base; path = Base.lproj/LaunchScreen.storyboard; sourceTree = "<group>"; };
		9487BED31DD0A7E3001AD8F3 /* Info.plist */ = {isa = PBXFileReference; lastKnownFileType = text.plist.xml; path = Info.plist; sourceTree = "<group>"; };
		9487BEDA1DD0A81A001AD8F3 /* JXPriorityQueue.h */ = {isa = PBXFileReference; fileEncoding = 4; lastKnownFileType = sourcecode.c.h; path = JXPriorityQueue.h; sourceTree = "<group>"; };
		9487BEDB1DD0A81A001AD8F3 /* JXPriorityQueue.m */ = {isa = PBXFileReference; fileEncoding = 4; lastKnownFileType = sourcecode.c.objc; path = JXPriorityQueue.m; sourceTree = "<group>"; };
		9487BEDD1DD0A829001AD8F3 /* LineView.h */ = {isa = PBXFileReference; fileEncoding = 4; lastKnownFileType = sourcecode.c.h; path = LineView.h; sourceTree = "<group>"; };
		9487BEDE1DD0A829001AD8F3 /* LineView.m */ = {isa = PBXFileReference; fileEncoding = 4; lastKnownFileType = sourcecode.c.objc; path = LineView.m; sourceTree = "<group>"; };
/* End PBXFileReference section */

/* Begin PBXFrameworksBuildPhase section */
		9487BEBC1DD0A7E3001AD8F3 /* Frameworks */ = {
			isa = PBXFrameworksBuildPhase;
			buildActionMask = 2147483647;
			files = (
			);
			runOnlyForDeploymentPostprocessing = 0;
		};
/* End PBXFrameworksBuildPhase section */

/* Begin PBXGroup section */
		9487BEB61DD0A7E3001AD8F3 = {
			isa = PBXGroup;
			children = (
				9487BEC11DD0A7E3001AD8F3 /* JXPriorityQueueDemo-iOS */,
				9487BEC01DD0A7E3001AD8F3 /* Products */,
			);
			sourceTree = "<group>";
		};
		9487BEC01DD0A7E3001AD8F3 /* Products */ = {
			isa = PBXGroup;
			children = (
				9487BEBF1DD0A7E3001AD8F3 /* JXPriorityQueueDemo-iOS.app */,
			);
			name = Products;
			sourceTree = "<group>";
		};
		9487BEC11DD0A7E3001AD8F3 /* JXPriorityQueueDemo-iOS */ = {
			isa = PBXGroup;
			children = (
				9487BEC51DD0A7E3001AD8F3 /* AppDelegate.h */,
				9487BEC61DD0A7E3001AD8F3 /* AppDelegate.m */,
				9487BEC81DD0A7E3001AD8F3 /* ViewController.h */,
				9487BEC91DD0A7E3001AD8F3 /* ViewController.m */,
				9487BEDD1DD0A829001AD8F3 /* LineView.h */,
				9487BEDE1DD0A829001AD8F3 /* LineView.m */,
				9487BECB1DD0A7E3001AD8F3 /* Main.storyboard */,
				9487BECE1DD0A7E3001AD8F3 /* Assets.xcassets */,
				9487BED01DD0A7E3001AD8F3 /* LaunchScreen.storyboard */,
				9487BED31DD0A7E3001AD8F3 /* Info.plist */,
				9487BED91DD0A81A001AD8F3 /* JXPriorityQueue */,
				9487BEC21DD0A7E3001AD8F3 /* Supporting Files */,
			);
			path = "JXPriorityQueueDemo-iOS";
			sourceTree = "<group>";
		};
		9487BEC21DD0A7E3001AD8F3 /* Supporting Files */ = {
			isa = PBXGroup;
			children = (
				9487BEC31DD0A7E3001AD8F3 /* main.m */,
			);
			name = "Supporting Files";
			sourceTree = "<group>";
		};
		9487BED91DD0A81A001AD8F3 /* JXPriorityQueue */ = {
			isa = PBXGroup;
			children = (
				9487BEDA1DD0A81A001AD8F3 /* JXPriorityQueue.h */,
				9487BEDB1DD0A81A001AD8F3 /* JXPriorityQueue.m */,
			);
			path = JXPriorityQueue;
			sourceTree = "<group>";
		};
/* End PBXGroup section */

/* Begin PBXNativeTarget section */
		9487BEBE1DD0A7E3001AD8F3 /* JXPriorityQueueDemo-iOS */ = {
			isa = PBXNativeTarget;
			buildConfigurationList = 9487BED61DD0A7E3001AD8F3 /* Build configuration list for PBXNativeTarget "JXPriorityQueueDemo-iOS" */;
			buildPhases = (
				9487BEBB1DD0A7E3001AD8F3 /* Sources */,
				9487BEBC1DD0A7E3001AD8F3 /* Frameworks */,
				9487BEBD1DD0A7E3001AD8F3 /* Resources */,
			);
			buildRules = (
			);
			dependencies = (
			);
			name = "JXPriorityQueueDemo-iOS";
			productName = "JXPriorityQueueDemo-iOS";
			productReference = 9487BEBF1DD0A7E3001AD8F3 /* JXPriorityQueueDemo-iOS.app */;
			productType = "com.apple.product-type.application";
		};
/* End PBXNativeTarget section */

/* Begin PBXProject section */
		9487BEB71DD0A7E3001AD8F3 /* Project object */ = {
			isa = PBXProject;
			attributes = {
				LastUpgradeCheck = 0810;
				ORGANIZATIONNAME = JiongXing;
				TargetAttributes = {
					9487BEBE1DD0A7E3001AD8F3 = {
						CreatedOnToolsVersion = 8.1;
						ProvisioningStyle = Automatic;
					};
				};
			};
			buildConfigurationList = 9487BEBA1DD0A7E3001AD8F3 /* Build configuration list for PBXProject "JXPriorityQueueDemo-iOS" */;
			compatibilityVersion = "Xcode 3.2";
			developmentRegion = English;
			hasScannedForEncodings = 0;
			knownRegions = (
				en,
				Base,
			);
			mainGroup = 9487BEB61DD0A7E3001AD8F3;
			productRefGroup = 9487BEC01DD0A7E3001AD8F3 /* Products */;
			projectDirPath = "";
			projectRoot = "";
			targets = (
				9487BEBE1DD0A7E3001AD8F3 /* JXPriorityQueueDemo-iOS */,
			);
		};
/* End PBXProject section */

/* Begin PBXResourcesBuildPhase section */
		9487BEBD1DD0A7E3001AD8F3 /* Resources */ = {
			isa = PBXResourcesBuildPhase;
			buildActionMask = 2147483647;
			files = (
				9487BED21DD0A7E3001AD8F3 /* LaunchScreen.storyboard in Resources */,
				9487BECF1DD0A7E3001AD8F3 /* Assets.xcassets in Resources */,
				9487BECD1DD0A7E3001AD8F3 /* Main.storyboard in Resources */,
			);
			runOnlyForDeploymentPostprocessing = 0;
		};
/* End PBXResourcesBuildPhase section */

/* Begin PBXSourcesBuildPhase section */
		9487BEBB1DD0A7E3001AD8F3 /* Sources */ = {
			isa = PBXSourcesBuildPhase;
			buildActionMask = 2147483647;
			files = (
				9487BECA1DD0A7E3001AD8F3 /* ViewController.m in Sources */,
				9487BEDC1DD0A81A001AD8F3 /* JXPriorityQueue.m in Sources */,
				9487BEC71DD0A7E3001AD8F3 /* AppDelegate.m in Sources */,
				9487BEC41DD0A7E3001AD8F3 /* main.m in Sources */,
				9487BEDF1DD0A829001AD8F3 /* LineView.m in Sources */,
			);
			runOnlyForDeploymentPostprocessing = 0;
		};
/* End PBXSourcesBuildPhase section */

/* Begin PBXVariantGroup section */
		9487BECB1DD0A7E3001AD8F3 /* Main.storyboard */ = {
			isa = PBXVariantGroup;
			children = (
				9487BECC1DD0A7E3001AD8F3 /* Base */,
			);
			name = Main.storyboard;
			sourceTree = "<group>";
		};
		9487BED01DD0A7E3001AD8F3 /* LaunchScreen.storyboard */ = {
			isa = PBXVariantGroup;
			children = (
				9487BED11DD0A7E3001AD8F3 /* Base */,
			);
			name = LaunchScreen.storyboard;
			sourceTree = "<group>";
		};
/* End PBXVariantGroup section */

/* Begin XCBuildConfiguration section */
		9487BED41DD0A7E3001AD8F3 /* Debug */ = {
			isa = XCBuildConfiguration;
			buildSettings = {
				ALWAYS_SEARCH_USER_PATHS = NO;
				CLANG_ANALYZER_NONNULL = YES;
				CLANG_CXX_LANGUAGE_STANDARD = "gnu++0x";
				CLANG_CXX_LIBRARY = "libc++";
				CLANG_ENABLE_MODULES = YES;
				CLANG_ENABLE_OBJC_ARC = YES;
				CLANG_WARN_BOOL_CONVERSION = YES;
				CLANG_WARN_CONSTANT_CONVERSION = YES;
				CLANG_WARN_DIRECT_OBJC_ISA_USAGE = YES_ERROR;
				CLANG_WARN_DOCUMENTATION_COMMENTS = YES;
				CLANG_WARN_EMPTY_BODY = YES;
				CLANG_WARN_ENUM_CONVERSION = YES;
				CLANG_WARN_INFINITE_RECURSION = YES;
				CLANG_WARN_INT_CONVERSION = YES;
				CLANG_WARN_OBJC_ROOT_CLASS = YES_ERROR;
				CLANG_WARN_SUSPICIOUS_MOVES = YES;
				CLANG_WARN_UNREACHABLE_CODE = YES;
				CLANG_WARN__DUPLICATE_METHOD_MATCH = YES;
				"CODE_SIGN_IDENTITY[sdk=iphoneos*]" = "iPhone Developer";
				COPY_PHASE_STRIP = NO;
				DEBUG_INFORMATION_FORMAT = dwarf;
				ENABLE_STRICT_OBJC_MSGSEND = YES;
				ENABLE_TESTABILITY = YES;
				GCC_C_LANGUAGE_STANDARD = gnu99;
				GCC_DYNAMIC_NO_PIC = NO;
				GCC_NO_COMMON_BLOCKS = YES;
				GCC_OPTIMIZATION_LEVEL = 0;
				GCC_PREPROCESSOR_DEFINITIONS = (
					"DEBUG=1",
					"$(inherited)",
				);
				GCC_WARN_64_TO_32_BIT_CONVERSION = YES;
				GCC_WARN_ABOUT_RETURN_TYPE = YES_ERROR;
				GCC_WARN_UNDECLARED_SELECTOR = YES;
				GCC_WARN_UNINITIALIZED_AUTOS = YES_AGGRESSIVE;
				GCC_WARN_UNUSED_FUNCTION = YES;
				GCC_WARN_UNUSED_VARIABLE = YES;
				IPHONEOS_DEPLOYMENT_TARGET = 10.1;
				MTL_ENABLE_DEBUG_INFO = YES;
				ONLY_ACTIVE_ARCH = YES;
				SDKROOT = iphoneos;
			};
			name = Debug;
		};
		9487BED51DD0A7E3001AD8F3 /* Release */ = {
			isa = XCBuildConfiguration;
			buildSettings = {
				ALWAYS_SEARCH_USER_PATHS = NO;
				CLANG_ANALYZER_NONNULL = YES;
				CLANG_CXX_LANGUAGE_STANDARD = "gnu++0x";
				CLANG_CXX_LIBRARY = "libc++";
				CLANG_ENABLE_MODULES = YES;
				CLANG_ENABLE_OBJC_ARC = YES;
				CLANG_WARN_BOOL_CONVERSION = YES;
				CLANG_WARN_CONSTANT_CONVERSION = YES;
				CLANG_WARN_DIRECT_OBJC_ISA_USAGE = YES_ERROR;
				CLANG_WARN_DOCUMENTATION_COMMENTS = YES;
				CLANG_WARN_EMPTY_BODY = YES;
				CLANG_WARN_ENUM_CONVERSION = YES;
				CLANG_WARN_INFINITE_RECURSION = YES;
				CLANG_WARN_INT_CONVERSION = YES;
				CLANG_WARN_OBJC_ROOT_CLASS = YES_ERROR;
				CLANG_WARN_SUSPICIOUS_MOVES = YES;
				CLANG_WARN_UNREACHABLE_CODE = YES;
				CLANG_WARN__DUPLICATE_METHOD_MATCH = YES;
				"CODE_SIGN_IDENTITY[sdk=iphoneos*]" = "iPhone Developer";
				COPY_PHASE_STRIP = NO;
				DEBUG_INFORMATION_FORMAT = "dwarf-with-dsym";
				ENABLE_NS_ASSERTIONS = NO;
				ENABLE_STRICT_OBJC_MSGSEND = YES;
				GCC_C_LANGUAGE_STANDARD = gnu99;
				GCC_NO_COMMON_BLOCKS = YES;
				GCC_WARN_64_TO_32_BIT_CONVERSION = YES;
				GCC_WARN_ABOUT_RETURN_TYPE = YES_ERROR;
				GCC_WARN_UNDECLARED_SELECTOR = YES;
				GCC_WARN_UNINITIALIZED_AUTOS = YES_AGGRESSIVE;
				GCC_WARN_UNUSED_FUNCTION = YES;
				GCC_WARN_UNUSED_VARIABLE = YES;
				IPHONEOS_DEPLOYMENT_TARGET = 10.1;
				MTL_ENABLE_DEBUG_INFO = NO;
				SDKROOT = iphoneos;
				VALIDATE_PRODUCT = YES;
			};
			name = Release;
		};
		9487BED71DD0A7E3001AD8F3 /* Debug */ = {
			isa = XCBuildConfiguration;
			buildSettings = {
				ASSETCATALOG_COMPILER_APPICON_NAME = AppIcon;
				INFOPLIST_FILE = "JXPriorityQueueDemo-iOS/Info.plist";
				LD_RUNPATH_SEARCH_PATHS = "$(inherited) @executable_path/Frameworks";
				PRODUCT_BUNDLE_IDENTIFIER = "JiongXing.JXPriorityQueueDemo-iOS";
				PRODUCT_NAME = "$(TARGET_NAME)";
			};
			name = Debug;
		};
		9487BED81DD0A7E3001AD8F3 /* Release */ = {
			isa = XCBuildConfiguration;
			buildSettings = {
				ASSETCATALOG_COMPILER_APPICON_NAME = AppIcon;
				INFOPLIST_FILE = "JXPriorityQueueDemo-iOS/Info.plist";
				LD_RUNPATH_SEARCH_PATHS = "$(inherited) @executable_path/Frameworks";
				PRODUCT_BUNDLE_IDENTIFIER = "JiongXing.JXPriorityQueueDemo-iOS";
				PRODUCT_NAME = "$(TARGET_NAME)";
			};
			name = Release;
		};
/* End XCBuildConfiguration section */

/* Begin XCConfigurationList section */
		9487BEBA1DD0A7E3001AD8F3 /* Build configuration list for PBXProject "JXPriorityQueueDemo-iOS" */ = {
			isa = XCConfigurationList;
			buildConfigurations = (
				9487BED41DD0A7E3001AD8F3 /* Debug */,
				9487BED51DD0A7E3001AD8F3 /* Release */,
			);
			defaultConfigurationIsVisible = 0;
			defaultConfigurationName = Release;
		};
		9487BED61DD0A7E3001AD8F3 /* Build configuration list for PBXNativeTarget "JXPriorityQueueDemo-iOS" */ = {
			isa = XCConfigurationList;
			buildConfigurations = (
				9487BED71DD0A7E3001AD8F3 /* Debug */,
				9487BED81DD0A7E3001AD8F3 /* Release */,
			);
			defaultConfigurationIsVisible = 0;
		};
/* End XCConfigurationList section */
	};
	rootObject = 9487BEB71DD0A7E3001AD8F3 /* Project object */;
}
